// !$*UTF8*$!
{
	archiveVersion = 1;
	classes = {
	};
	objectVersion = 46;
	objects = {

/* Begin PBXBuildFile section */
		6DC13E801EDFA6160080486E /* AppDelegate.swift in Sources */ = {isa = PBXBuildFile; fileRef = 6DC13E7F1EDFA6160080486E /* AppDelegate.swift */; };
		6DC13E821EDFA6160080486E /* ViewController.swift in Sources */ = {isa = PBXBuildFile; fileRef = 6DC13E811EDFA6160080486E /* ViewController.swift */; };
		6DC13E851EDFA6160080486E /* Main.storyboard in Resources */ = {isa = PBXBuildFile; fileRef = 6DC13E831EDFA6160080486E /* Main.storyboard */; };
		6DC13E871EDFA6160080486E /* Assets.xcassets in Resources */ = {isa = PBXBuildFile; fileRef = 6DC13E861EDFA6160080486E /* Assets.xcassets */; };
		6DC13E8A1EDFA6160080486E /* LaunchScreen.storyboard in Resources */ = {isa = PBXBuildFile; fileRef = 6DC13E881EDFA6160080486E /* LaunchScreen.storyboard */; };
		6DC13E951EDFA6160080486E /* devslopeTests.swift in Sources */ = {isa = PBXBuildFile; fileRef = 6DC13E941EDFA6160080486E /* devslopeTests.swift */; };
		6DC13EA01EDFA6160080486E /* devslopeUITests.swift in Sources */ = {isa = PBXBuildFile; fileRef = 6DC13E9F1EDFA6160080486E /* devslopeUITests.swift */; };
/* End PBXBuildFile section */

/* Begin PBXContainerItemProxy section */
		6DC13E911EDFA6160080486E /* PBXContainerItemProxy */ = {
			isa = PBXContainerItemProxy;
			containerPortal = 6DC13E741EDFA6160080486E /* Project object */;
			proxyType = 1;
			remoteGlobalIDString = 6DC13E7B1EDFA6160080486E;
			remoteInfo = devslope;
		};
		6DC13E9C1EDFA6160080486E /* PBXContainerItemProxy */ = {
			isa = PBXContainerItemProxy;
			containerPortal = 6DC13E741EDFA6160080486E /* Project object */;
			proxyType = 1;
			remoteGlobalIDString = 6DC13E7B1EDFA6160080486E;
			remoteInfo = devslope;
		};
/* End PBXContainerItemProxy section */

/* Begin PBXFileReference section */
		6DC13E7C1EDFA6160080486E /* devslope.app */ = {isa = PBXFileReference; explicitFileType = wrapper.application; includeInIndex = 0; path = devslope.app; sourceTree = BUILT_PRODUCTS_DIR; };
		6DC13E7F1EDFA6160080486E /* AppDelegate.swift */ = {isa = PBXFileReference; lastKnownFileType = sourcecode.swift; path = AppDelegate.swift; sourceTree = "<group>"; };
		6DC13E811EDFA6160080486E /* ViewController.swift */ = {isa = PBXFileReference; lastKnownFileType = sourcecode.swift; path = ViewController.swift; sourceTree = "<group>"; };
		6DC13E841EDFA6160080486E /* Base */ = {isa = PBXFileReference; lastKnownFileType = file.storyboard; name = Base; path = Base.lproj/Main.storyboard; sourceTree = "<group>"; };
		6DC13E861EDFA6160080486E /* Assets.xcassets */ = {isa = PBXFileReference; lastKnownFileType = folder.assetcatalog; path = Assets.xcassets; sourceTree = "<group>"; };
		6DC13E891EDFA6160080486E /* Base */ = {isa = PBXFileReference; lastKnownFileType = file.storyboard; name = Base; path = Base.lproj/LaunchScreen.storyboard; sourceTree = "<group>"; };
		6DC13E8B1EDFA6160080486E /* Info.plist */ = {isa = PBXFileReference; lastKnownFileType = text.plist.xml; path = Info.plist; sourceTree = "<group>"; };
		6DC13E901EDFA6160080486E /* devslopeTests.xctest */ = {isa = PBXFileReference; explicitFileType = wrapper.cfbundle; includeInIndex = 0; path = devslopeTests.xctest; sourceTree = BUILT_PRODUCTS_DIR; };
		6DC13E941EDFA6160080486E /* devslopeTests.swift */ = {isa = PBXFileReference; lastKnownFileType = sourcecode.swift; path = devslopeTests.swift; sourceTree = "<group>"; };
		6DC13E961EDFA6160080486E /* Info.plist */ = {isa = PBXFileReference; lastKnownFileType = text.plist.xml; path = Info.plist; sourceTree = "<group>"; };
		6DC13E9B1EDFA6160080486E /* devslopeUITests.xctest */ = {isa = PBXFileReference; explicitFileType = wrapper.cfbundle; includeInIndex = 0; path = devslopeUITests.xctest; sourceTree = BUILT_PRODUCTS_DIR; };
		6DC13E9F1EDFA6160080486E /* devslopeUITests.swift */ = {isa = PBXFileReference; lastKnownFileType = sourcecode.swift; path = devslopeUITests.swift; sourceTree = "<group>"; };
		6DC13EA11EDFA6160080486E /* Info.plist */ = {isa = PBXFileReference; lastKnownFileType = text.plist.xml; path = Info.plist; sourceTree = "<group>"; };
/* End PBXFileReference section */

/* Begin PBXFrameworksBuildPhase section */
		6DC13E791EDFA6160080486E /* Frameworks */ = {
			isa = PBXFrameworksBuildPhase;
			buildActionMask = 2147483647;
			files = (
			);
			runOnlyForDeploymentPostprocessing = 0;
		};
		6DC13E8D1EDFA6160080486E /* Frameworks */ = {
			isa = PBXFrameworksBuildPhase;
			buildActionMask = 2147483647;
			files = (
			);
			runOnlyForDeploymentPostprocessing = 0;
		};
		6DC13E981EDFA6160080486E /* Frameworks */ = {
			isa = PBXFrameworksBuildPhase;
			buildActionMask = 2147483647;
			files = (
			);
			runOnlyForDeploymentPostprocessing = 0;
		};
/* End PBXFrameworksBuildPhase section */

/* Begin PBXGroup section */
		6DC13E731EDFA6160080486E = {
			isa = PBXGroup;
			children = (
				6DC13E7E1EDFA6160080486E /* devslope */,
				6DC13E931EDFA6160080486E /* devslopeTests */,
				6DC13E9E1EDFA6160080486E /* devslopeUITests */,
				6DC13E7D1EDFA6160080486E /* Products */,
			);
			sourceTree = "<group>";
		};
		6DC13E7D1EDFA6160080486E /* Products */ = {
			isa = PBXGroup;
			children = (
				6DC13E7C1EDFA6160080486E /* devslope.app */,
				6DC13E901EDFA6160080486E /* devslopeTests.xctest */,
				6DC13E9B1EDFA6160080486E /* devslopeUITests.xctest */,
			);
			name = Products;
			sourceTree = "<group>";
		};
		6DC13E7E1EDFA6160080486E /* devslope */ = {
			isa = PBXGroup;
			children = (
				6DC13E7F1EDFA6160080486E /* AppDelegate.swift */,
				6DC13E811EDFA6160080486E /* ViewController.swift */,
				6DC13E831EDFA6160080486E /* Main.storyboard */,
				6DC13E861EDFA6160080486E /* Assets.xcassets */,
				6DC13E881EDFA6160080486E /* LaunchScreen.storyboard */,
				6DC13E8B1EDFA6160080486E /* Info.plist */,
			);
			path = devslope;
			sourceTree = "<group>";
		};
		6DC13E931EDFA6160080486E /* devslopeTests */ = {
			isa = PBXGroup;
			children = (
				6DC13E941EDFA6160080486E /* devslopeTests.swift */,
				6DC13E961EDFA6160080486E /* Info.plist */,
			);
			path = devslopeTests;
			sourceTree = "<group>";
		};
		6DC13E9E1EDFA6160080486E /* devslopeUITests */ = {
			isa = PBXGroup;
			children = (
				6DC13E9F1EDFA6160080486E /* devslopeUITests.swift */,
				6DC13EA11EDFA6160080486E /* Info.plist */,
			);
			path = devslopeUITests;
			sourceTree = "<group>";
		};
/* End PBXGroup section */

/* Begin PBXNativeTarget section */
		6DC13E7B1EDFA6160080486E /* devslope */ = {
			isa = PBXNativeTarget;
			buildConfigurationList = 6DC13EA41EDFA6160080486E /* Build configuration list for PBXNativeTarget "devslope" */;
			buildPhases = (
				6DC13E781EDFA6160080486E /* Sources */,
				6DC13E791EDFA6160080486E /* Frameworks */,
				6DC13E7A1EDFA6160080486E /* Resources */,
			);
			buildRules = (
			);
			dependencies = (
			);
			name = devslope;
			productName = devslope;
			productReference = 6DC13E7C1EDFA6160080486E /* devslope.app */;
			productType = "com.apple.product-type.application";
		};
		6DC13E8F1EDFA6160080486E /* devslopeTests */ = {
			isa = PBXNativeTarget;
			buildConfigurationList = 6DC13EA71EDFA6160080486E /* Build configuration list for PBXNativeTarget "devslopeTests" */;
			buildPhases = (
				6DC13E8C1EDFA6160080486E /* Sources */,
				6DC13E8D1EDFA6160080486E /* Frameworks */,
				6DC13E8E1EDFA6160080486E /* Resources */,
			);
			buildRules = (
			);
			dependencies = (
				6DC13E921EDFA6160080486E /* PBXTargetDependency */,
			);
			name = devslopeTests;
			productName = devslopeTests;
			productReference = 6DC13E901EDFA6160080486E /* devslopeTests.xctest */;
			productType = "com.apple.product-type.bundle.unit-test";
		};
		6DC13E9A1EDFA6160080486E /* devslopeUITests */ = {
			isa = PBXNativeTarget;
			buildConfigurationList = 6DC13EAA1EDFA6160080486E /* Build configuration list for PBXNativeTarget "devslopeUITests" */;
			buildPhases = (
				6DC13E971EDFA6160080486E /* Sources */,
				6DC13E981EDFA6160080486E /* Frameworks */,
				6DC13E991EDFA6160080486E /* Resources */,
			);
			buildRules = (
			);
			dependencies = (
				6DC13E9D1EDFA6160080486E /* PBXTargetDependency */,
			);
			name = devslopeUITests;
			productName = devslopeUITests;
			productReference = 6DC13E9B1EDFA6160080486E /* devslopeUITests.xctest */;
			productType = "com.apple.product-type.bundle.ui-testing";
		};
/* End PBXNativeTarget section */

/* Begin PBXProject section */
		6DC13E741EDFA6160080486E /* Project object */ = {
			isa = PBXProject;
			attributes = {
				LastSwiftUpdateCheck = 0800;
				LastUpgradeCheck = 0800;
				ORGANIZATIONNAME = "Stefanus Zhang";
				TargetAttributes = {
					6DC13E7B1EDFA6160080486E = {
						CreatedOnToolsVersion = 8.0;
						ProvisioningStyle = Automatic;
					};
					6DC13E8F1EDFA6160080486E = {
						CreatedOnToolsVersion = 8.0;
						ProvisioningStyle = Automatic;
						TestTargetID = 6DC13E7B1EDFA6160080486E;
					};
					6DC13E9A1EDFA6160080486E = {
						CreatedOnToolsVersion = 8.0;
						ProvisioningStyle = Automatic;
						TestTargetID = 6DC13E7B1EDFA6160080486E;
					};
				};
			};
			buildConfigurationList = 6DC13E771EDFA6160080486E /* Build configuration list for PBXProject "devslope" */;
			compatibilityVersion = "Xcode 3.2";
			developmentRegion = English;
			hasScannedForEncodings = 0;
			knownRegions = (
				en,
				Base,
			);
			mainGroup = 6DC13E731EDFA6160080486E;
			productRefGroup = 6DC13E7D1EDFA6160080486E /* Products */;
			projectDirPath = "";
			projectRoot = "";
			targets = (
				6DC13E7B1EDFA6160080486E /* devslope */,
				6DC13E8F1EDFA6160080486E /* devslopeTests */,
				6DC13E9A1EDFA6160080486E /* devslopeUITests */,
			);
		};
/* End PBXProject section */

/* Begin PBXResourcesBuildPhase section */
		6DC13E7A1EDFA6160080486E /* Resources */ = {
			isa = PBXResourcesBuildPhase;
			buildActionMask = 2147483647;
			files = (
				6DC13E8A1EDFA6160080486E /* LaunchScreen.storyboard in Resources */,
				6DC13E871EDFA6160080486E /* Assets.xcassets in Resources */,
				6DC13E851EDFA6160080486E /* Main.storyboard in Resources */,
			);
			runOnlyForDeploymentPostprocessing = 0;
		};
		6DC13E8E1EDFA6160080486E /* Resources */ = {
			isa = PBXResourcesBuildPhase;
			buildActionMask = 2147483647;
			files = (
			);
			runOnlyForDeploymentPostprocessing = 0;
		};
		6DC13E991EDFA6160080486E /* Resources */ = {
			isa = PBXResourcesBuildPhase;
			buildActionMask = 2147483647;
			files = (
			);
			runOnlyForDeploymentPostprocessing = 0;
		};
/* End PBXResourcesBuildPhase section */

/* Begin PBXSourcesBuildPhase section */
		6DC13E781EDFA6160080486E /* Sources */ = {
			isa = PBXSourcesBuildPhase;
			buildActionMask = 2147483647;
			files = (
				6DC13E821EDFA6160080486E /* ViewController.swift in Sources */,
				6DC13E801EDFA6160080486E /* AppDelegate.swift in Sources */,
			);
			runOnlyForDeploymentPostprocessing = 0;
		};
		6DC13E8C1EDFA6160080486E /* Sources */ = {
			isa = PBXSourcesBuildPhase;
			buildActionMask = 2147483647;
			files = (
				6DC13E951EDFA6160080486E /* devslopeTests.swift in Sources */,
			);
			runOnlyForDeploymentPostprocessing = 0;
		};
		6DC13E971EDFA6160080486E /* Sources */ = {
			isa = PBXSourcesBuildPhase;
			buildActionMask = 2147483647;
			files = (
				6DC13EA01EDFA6160080486E /* devslopeUITests.swift in Sources */,
			);
			runOnlyForDeploymentPostprocessing = 0;
		};
/* End PBXSourcesBuildPhase section */

/* Begin PBXTargetDependency section */
		6DC13E921EDFA6160080486E /* PBXTargetDependency */ = {
			isa = PBXTargetDependency;
			target = 6DC13E7B1EDFA6160080486E /* devslope */;
			targetProxy = 6DC13E911EDFA6160080486E /* PBXContainerItemProxy */;
		};
		6DC13E9D1EDFA6160080486E /* PBXTargetDependency */ = {
			isa = PBXTargetDependency;
			target = 6DC13E7B1EDFA6160080486E /* devslope */;
			targetProxy = 6DC13E9C1EDFA6160080486E /* PBXContainerItemProxy */;
		};
/* End PBXTargetDependency section */

/* Begin PBXVariantGroup section */
		6DC13E831EDFA6160080486E /* Main.storyboard */ = {
			isa = PBXVariantGroup;
			children = (
				6DC13E841EDFA6160080486E /* Base */,
			);
			name = Main.storyboard;
			sourceTree = "<group>";
		};
		6DC13E881EDFA6160080486E /* LaunchScreen.storyboard */ = {
			isa = PBXVariantGroup;
			children = (
				6DC13E891EDFA6160080486E /* Base */,
			);
			name = LaunchScreen.storyboard;
			sourceTree = "<group>";
		};
/* End PBXVariantGroup section */

/* Begin XCBuildConfiguration section */
		6DC13EA21EDFA6160080486E /* Debug */ = {
			isa = XCBuildConfiguration;
			buildSettings = {
				ALWAYS_SEARCH_USER_PATHS = NO;
				CLANG_ANALYZER_NONNULL = YES;
				CLANG_CXX_LANGUAGE_STANDARD = "gnu++0x";
				CLANG_CXX_LIBRARY = "libc++";
				CLANG_ENABLE_MODULES = YES;
				CLANG_ENABLE_OBJC_ARC = YES;
				CLANG_WARN_BOOL_CONVERSION = YES;
				CLANG_WARN_CONSTANT_CONVERSION = YES;
				CLANG_WARN_DIRECT_OBJC_ISA_USAGE = YES_ERROR;
				CLANG_WARN_DOCUMENTATION_COMMENTS = YES;
				CLANG_WARN_EMPTY_BODY = YES;
				CLANG_WARN_ENUM_CONVERSION = YES;
				CLANG_WARN_INFINITE_RECURSION = YES;
				CLANG_WARN_INT_CONVERSION = YES;
				CLANG_WARN_OBJC_ROOT_CLASS = YES_ERROR;
				CLANG_WARN_SUSPICIOUS_MOVES = YES;
				CLANG_WARN_UNREACHABLE_CODE = YES;
				CLANG_WARN__DUPLICATE_METHOD_MATCH = YES;
				"CODE_SIGN_IDENTITY[sdk=iphoneos*]" = "iPhone Developer";
				COPY_PHASE_STRIP = NO;
				DEBUG_INFORMATION_FORMAT = dwarf;
				ENABLE_STRICT_OBJC_MSGSEND = YES;
				ENABLE_TESTABILITY = YES;
				GCC_C_LANGUAGE_STANDARD = gnu99;
				GCC_DYNAMIC_NO_PIC = NO;
				GCC_NO_COMMON_BLOCKS = YES;
				GCC_OPTIMIZATION_LEVEL = 0;
				GCC_PREPROCESSOR_DEFINITIONS = (
					"DEBUG=1",
					"$(inherited)",
				);
				GCC_WARN_64_TO_32_BIT_CONVERSION = YES;
				GCC_WARN_ABOUT_RETURN_TYPE = YES_ERROR;
				GCC_WARN_UNDECLARED_SELECTOR = YES;
				GCC_WARN_UNINITIALIZED_AUTOS = YES_AGGRESSIVE;
				GCC_WARN_UNUSED_FUNCTION = YES;
				GCC_WARN_UNUSED_VARIABLE = YES;
				IPHONEOS_DEPLOYMENT_TARGET = 10.0;
				MTL_ENABLE_DEBUG_INFO = YES;
				ONLY_ACTIVE_ARCH = YES;
				SDKROOT = iphoneos;
				SWIFT_ACTIVE_COMPILATION_CONDITIONS = DEBUG;
				SWIFT_OPTIMIZATION_LEVEL = "-Onone";
				TARGETED_DEVICE_FAMILY = "1,2";
			};
			name = Debug;
		};
		6DC13EA31EDFA6160080486E /* Release */ = {
			isa = XCBuildConfiguration;
			buildSettings = {
				ALWAYS_SEARCH_USER_PATHS = NO;
				CLANG_ANALYZER_NONNULL = YES;
				CLANG_CXX_LANGUAGE_STANDARD = "gnu++0x";
				CLANG_CXX_LIBRARY = "libc++";
				CLANG_ENABLE_MODULES = YES;
				CLANG_ENABLE_OBJC_ARC = YES;
				CLANG_WARN_BOOL_CONVERSION = YES;
				CLANG_WARN_CONSTANT_CONVERSION = YES;
				CLANG_WARN_DIRECT_OBJC_ISA_USAGE = YES_ERROR;
				CLANG_WARN_DOCUMENTATION_COMMENTS = YES;
				CLANG_WARN_EMPTY_BODY = YES;
				CLANG_WARN_ENUM_CONVERSION = YES;
				CLANG_WARN_INFINITE_RECURSION = YES;
				CLANG_WARN_INT_CONVERSION = YES;
				CLANG_WARN_OBJC_ROOT_CLASS = YES_ERROR;
				CLANG_WARN_SUSPICIOUS_MOVES = YES;
				CLANG_WARN_UNREACHABLE_CODE = YES;
				CLANG_WARN__DUPLICATE_METHOD_MATCH = YES;
				"CODE_SIGN_IDENTITY[sdk=iphoneos*]" = "iPhone Developer";
				COPY_PHASE_STRIP = NO;
				DEBUG_INFORMATION_FORMAT = "dwarf-with-dsym";
				ENABLE_NS_ASSERTIONS = NO;
				ENABLE_STRICT_OBJC_MSGSEND = YES;
				GCC_C_LANGUAGE_STANDARD = gnu99;
				GCC_NO_COMMON_BLOCKS = YES;
				GCC_WARN_64_TO_32_BIT_CONVERSION = YES;
				GCC_WARN_ABOUT_RETURN_TYPE = YES_ERROR;
				GCC_WARN_UNDECLARED_SELECTOR = YES;
				GCC_WARN_UNINITIALIZED_AUTOS = YES_AGGRESSIVE;
				GCC_WARN_UNUSED_FUNCTION = YES;
				GCC_WARN_UNUSED_VARIABLE = YES;
				IPHONEOS_DEPLOYMENT_TARGET = 10.0;
				MTL_ENABLE_DEBUG_INFO = NO;
				SDKROOT = iphoneos;
				SWIFT_OPTIMIZATION_LEVEL = "-Owholemodule";
				TARGETED_DEVICE_FAMILY = "1,2";
				VALIDATE_PRODUCT = YES;
			};
			name = Release;
		};
		6DC13EA51EDFA6160080486E /* Debug */ = {
			isa = XCBuildConfiguration;
			buildSettings = {
				ASSETCATALOG_COMPILER_APPICON_NAME = AppIcon;
				INFOPLIST_FILE = devslope/Info.plist;
				LD_RUNPATH_SEARCH_PATHS = "$(inherited) @executable_path/Frameworks";
				PRODUCT_BUNDLE_IDENTIFIER = nil.devslope;
				PRODUCT_NAME = "$(TARGET_NAME)";
				SWIFT_VERSION = 3.0;
			};
			name = Debug;
		};
		6DC13EA61EDFA6160080486E /* Release */ = {
			isa = XCBuildConfiguration;
			buildSettings = {
				ASSETCATALOG_COMPILER_APPICON_NAME = AppIcon;
				INFOPLIST_FILE = devslope/Info.plist;
				LD_RUNPATH_SEARCH_PATHS = "$(inherited) @executable_path/Frameworks";
				PRODUCT_BUNDLE_IDENTIFIER = nil.devslope;
				PRODUCT_NAME = "$(TARGET_NAME)";
				SWIFT_VERSION = 3.0;
			};
			name = Release;
		};
		6DC13EA81EDFA6160080486E /* Debug */ = {
			isa = XCBuildConfiguration;
			buildSettings = {
				ALWAYS_EMBED_SWIFT_STANDARD_LIBRARIES = YES;
				BUNDLE_LOADER = "$(TEST_HOST)";
				INFOPLIST_FILE = devslopeTests/Info.plist;
				LD_RUNPATH_SEARCH_PATHS = "$(inherited) @executable_path/Frameworks @loader_path/Frameworks";
				PRODUCT_BUNDLE_IDENTIFIER = nil.devslopeTests;
				PRODUCT_NAME = "$(TARGET_NAME)";
				SWIFT_VERSION = 3.0;
				TEST_HOST = "$(BUILT_PRODUCTS_DIR)/devslope.app/devslope";
			};
			name = Debug;
		};
		6DC13EA91EDFA6160080486E /* Release */ = {
			isa = XCBuildConfiguration;
			buildSettings = {
				ALWAYS_EMBED_SWIFT_STANDARD_LIBRARIES = YES;
				BUNDLE_LOADER = "$(TEST_HOST)";
				INFOPLIST_FILE = devslopeTests/Info.plist;
				LD_RUNPATH_SEARCH_PATHS = "$(inherited) @executable_path/Frameworks @loader_path/Frameworks";
				PRODUCT_BUNDLE_IDENTIFIER = nil.devslopeTests;
				PRODUCT_NAME = "$(TARGET_NAME)";
				SWIFT_VERSION = 3.0;
				TEST_HOST = "$(BUILT_PRODUCTS_DIR)/devslope.app/devslope";
			};
			name = Release;
		};
		6DC13EAB1EDFA6160080486E /* Debug */ = {
			isa = XCBuildConfiguration;
			buildSettings = {
				ALWAYS_EMBED_SWIFT_STANDARD_LIBRARIES = YES;
				INFOPLIST_FILE = devslopeUITests/Info.plist;
				LD_RUNPATH_SEARCH_PATHS = "$(inherited) @executable_path/Frameworks @loader_path/Frameworks";
				PRODUCT_BUNDLE_IDENTIFIER = nil.devslopeUITests;
				PRODUCT_NAME = "$(TARGET_NAME)";
				SWIFT_VERSION = 3.0;
				TEST_TARGET_NAME = devslope;
			};
			name = Debug;
		};
		6DC13EAC1EDFA6160080486E /* Release */ = {
			isa = XCBuildConfiguration;
			buildSettings = {
				ALWAYS_EMBED_SWIFT_STANDARD_LIBRARIES = YES;
				INFOPLIST_FILE = devslopeUITests/Info.plist;
				LD_RUNPATH_SEARCH_PATHS = "$(inherited) @executable_path/Frameworks @loader_path/Frameworks";
				PRODUCT_BUNDLE_IDENTIFIER = nil.devslopeUITests;
				PRODUCT_NAME = "$(TARGET_NAME)";
				SWIFT_VERSION = 3.0;
				TEST_TARGET_NAME = devslope;
			};
			name = Release;
		};
/* End XCBuildConfiguration section */

/* Begin XCConfigurationList section */
		6DC13E771EDFA6160080486E /* Build configuration list for PBXProject "devslope" */ = {
			isa = XCConfigurationList;
			buildConfigurations = (
				6DC13EA21EDFA6160080486E /* Debug */,
				6DC13EA31EDFA6160080486E /* Release */,
			);
			defaultConfigurationIsVisible = 0;
			defaultConfigurationName = Release;
		};
		6DC13EA41EDFA6160080486E /* Build configuration list for PBXNativeTarget "devslope" */ = {
			isa = XCConfigurationList;
			buildConfigurations = (
				6DC13EA51EDFA6160080486E /* Debug */,
				6DC13EA61EDFA6160080486E /* Release */,
			);
			defaultConfigurationIsVisible = 0;
		};
		6DC13EA71EDFA6160080486E /* Build configuration list for PBXNativeTarget "devslopeTests" */ = {
			isa = XCConfigurationList;
			buildConfigurations = (
				6DC13EA81EDFA6160080486E /* Debug */,
				6DC13EA91EDFA6160080486E /* Release */,
			);
			defaultConfigurationIsVisible = 0;
		};
		6DC13EAA1EDFA6160080486E /* Build configuration list for PBXNativeTarget "devslopeUITests" */ = {
			isa = XCConfigurationList;
			buildConfigurations = (
				6DC13EAB1EDFA6160080486E /* Debug */,
				6DC13EAC1EDFA6160080486E /* Release */,
			);
			defaultConfigurationIsVisible = 0;
		};
/* End XCConfigurationList section */
	};
	rootObject = 6DC13E741EDFA6160080486E /* Project object */;
}
